// !$*UTF8*$!
{
	archiveVersion = 1;
	classes = {
	};
	objectVersion = 55;
	objects = {

/* Begin PBXBuildFile section */
		008F007027CBFE40009DD74F /* AppDelegate.swift in Sources */ = {isa = PBXBuildFile; fileRef = 008F006F27CBFE40009DD74F /* AppDelegate.swift */; };
		008F007227CBFE40009DD74F /* SceneDelegate.swift in Sources */ = {isa = PBXBuildFile; fileRef = 008F007127CBFE40009DD74F /* SceneDelegate.swift */; };
		008F007427CBFE40009DD74F /* MainTabBarViewController.swift in Sources */ = {isa = PBXBuildFile; fileRef = 008F007327CBFE40009DD74F /* MainTabBarViewController.swift */; };
		008F007927CBFE41009DD74F /* Assets.xcassets in Resources */ = {isa = PBXBuildFile; fileRef = 008F007827CBFE41009DD74F /* Assets.xcassets */; };
		008F007C27CBFE41009DD74F /* LaunchScreen.storyboard in Resources */ = {isa = PBXBuildFile; fileRef = 008F007A27CBFE41009DD74F /* LaunchScreen.storyboard */; };
		008F008527CC0045009DD74F /* HomeViewController.swift in Sources */ = {isa = PBXBuildFile; fileRef = 008F008427CC0045009DD74F /* HomeViewController.swift */; };
		008F008727CC0079009DD74F /* UpcomingViewController.swift in Sources */ = {isa = PBXBuildFile; fileRef = 008F008627CC0079009DD74F /* UpcomingViewController.swift */; };
		008F008927CC00A2009DD74F /* SearchViewController.swift in Sources */ = {isa = PBXBuildFile; fileRef = 008F008827CC00A2009DD74F /* SearchViewController.swift */; };
		008F008B27CC00BF009DD74F /* DownloadViewController.swift in Sources */ = {isa = PBXBuildFile; fileRef = 008F008A27CC00BF009DD74F /* DownloadViewController.swift */; };
		00EC045A27CE36A1004931AE /* CollectionViewTableViewCell.swift in Sources */ = {isa = PBXBuildFile; fileRef = 00EC045927CE36A1004931AE /* CollectionViewTableViewCell.swift */; };
/* End PBXBuildFile section */

/* Begin PBXFileReference section */
		008F006C27CBFE40009DD74F /* netlfix-clone.app */ = {isa = PBXFileReference; explicitFileType = wrapper.application; includeInIndex = 0; path = "netlfix-clone.app"; sourceTree = BUILT_PRODUCTS_DIR; };
		008F006F27CBFE40009DD74F /* AppDelegate.swift */ = {isa = PBXFileReference; lastKnownFileType = sourcecode.swift; path = AppDelegate.swift; sourceTree = "<group>"; };
		008F007127CBFE40009DD74F /* SceneDelegate.swift */ = {isa = PBXFileReference; lastKnownFileType = sourcecode.swift; path = SceneDelegate.swift; sourceTree = "<group>"; };
		008F007327CBFE40009DD74F /* MainTabBarViewController.swift */ = {isa = PBXFileReference; lastKnownFileType = sourcecode.swift; path = MainTabBarViewController.swift; sourceTree = "<group>"; };
		008F007827CBFE41009DD74F /* Assets.xcassets */ = {isa = PBXFileReference; lastKnownFileType = folder.assetcatalog; path = Assets.xcassets; sourceTree = "<group>"; };
		008F007B27CBFE41009DD74F /* Base */ = {isa = PBXFileReference; lastKnownFileType = file.storyboard; name = Base; path = Base.lproj/LaunchScreen.storyboard; sourceTree = "<group>"; };
		008F007D27CBFE41009DD74F /* Info.plist */ = {isa = PBXFileReference; lastKnownFileType = text.plist.xml; path = Info.plist; sourceTree = "<group>"; };
		008F008427CC0045009DD74F /* HomeViewController.swift */ = {isa = PBXFileReference; lastKnownFileType = sourcecode.swift; path = HomeViewController.swift; sourceTree = "<group>"; };
		008F008627CC0079009DD74F /* UpcomingViewController.swift */ = {isa = PBXFileReference; lastKnownFileType = sourcecode.swift; path = UpcomingViewController.swift; sourceTree = "<group>"; };
		008F008827CC00A2009DD74F /* SearchViewController.swift */ = {isa = PBXFileReference; lastKnownFileType = sourcecode.swift; path = SearchViewController.swift; sourceTree = "<group>"; };
		008F008A27CC00BF009DD74F /* DownloadViewController.swift */ = {isa = PBXFileReference; lastKnownFileType = sourcecode.swift; path = DownloadViewController.swift; sourceTree = "<group>"; };
		00EC045927CE36A1004931AE /* CollectionViewTableViewCell.swift */ = {isa = PBXFileReference; lastKnownFileType = sourcecode.swift; path = CollectionViewTableViewCell.swift; sourceTree = "<group>"; };
/* End PBXFileReference section */

/* Begin PBXFrameworksBuildPhase section */
		008F006927CBFE40009DD74F /* Frameworks */ = {
			isa = PBXFrameworksBuildPhase;
			buildActionMask = 2147483647;
			files = (
			);
			runOnlyForDeploymentPostprocessing = 0;
		};
/* End PBXFrameworksBuildPhase section */

/* Begin PBXGroup section */
		008F006327CBFE40009DD74F = {
			isa = PBXGroup;
			children = (
				008F006E27CBFE40009DD74F /* netlfix-clone */,
				008F006D27CBFE40009DD74F /* Products */,
			);
			sourceTree = "<group>";
		};
		008F006D27CBFE40009DD74F /* Products */ = {
			isa = PBXGroup;
			children = (
				008F006C27CBFE40009DD74F /* netlfix-clone.app */,
			);
			name = Products;
			sourceTree = "<group>";
		};
		008F006E27CBFE40009DD74F /* netlfix-clone */ = {
			isa = PBXGroup;
			children = (
				00EC045827CE3673004931AE /* Managers */,
				00EC045727CE3665004931AE /* Resources */,
				00EC045627CE3637004931AE /* Models */,
				00EC045427CE361F004931AE /* Views */,
				00EC045527CE3626004931AE /* ViewModels */,
				008F008327CC000C009DD74F /* Controllers */,
				008F006F27CBFE40009DD74F /* AppDelegate.swift */,
				008F007127CBFE40009DD74F /* SceneDelegate.swift */,
				008F007327CBFE40009DD74F /* MainTabBarViewController.swift */,
				008F007827CBFE41009DD74F /* Assets.xcassets */,
				008F007A27CBFE41009DD74F /* LaunchScreen.storyboard */,
				008F007D27CBFE41009DD74F /* Info.plist */,
			);
			path = "netlfix-clone";
			sourceTree = "<group>";
		};
		008F008327CC000C009DD74F /* Controllers */ = {
			isa = PBXGroup;
			children = (
				008F008427CC0045009DD74F /* HomeViewController.swift */,
				008F008627CC0079009DD74F /* UpcomingViewController.swift */,
				008F008827CC00A2009DD74F /* SearchViewController.swift */,
				008F008A27CC00BF009DD74F /* DownloadViewController.swift */,
			);
			path = Controllers;
			sourceTree = "<group>";
		};
		00EC045427CE361F004931AE /* Views */ = {
			isa = PBXGroup;
			children = (
				00EC045927CE36A1004931AE /* CollectionViewTableViewCell.swift */,
			);
			path = Views;
			sourceTree = "<group>";
		};
		00EC045527CE3626004931AE /* ViewModels */ = {
			isa = PBXGroup;
			children = (
			);
			path = ViewModels;
			sourceTree = "<group>";
		};
		00EC045627CE3637004931AE /* Models */ = {
			isa = PBXGroup;
			children = (
			);
			path = Models;
			sourceTree = "<group>";
		};
		00EC045727CE3665004931AE /* Resources */ = {
			isa = PBXGroup;
			children = (
			);
			path = Resources;
			sourceTree = "<group>";
		};
		00EC045827CE3673004931AE /* Managers */ = {
			isa = PBXGroup;
			children = (
			);
			path = Managers;
			sourceTree = "<group>";
		};
/* End PBXGroup section */

/* Begin PBXNativeTarget section */
		008F006B27CBFE40009DD74F /* netlfix-clone */ = {
			isa = PBXNativeTarget;
			buildConfigurationList = 008F008027CBFE41009DD74F /* Build configuration list for PBXNativeTarget "netlfix-clone" */;
			buildPhases = (
				008F006827CBFE40009DD74F /* Sources */,
				008F006927CBFE40009DD74F /* Frameworks */,
				008F006A27CBFE40009DD74F /* Resources */,
			);
			buildRules = (
			);
			dependencies = (
			);
			name = "netlfix-clone";
			productName = "netlfix-clone";
			productReference = 008F006C27CBFE40009DD74F /* netlfix-clone.app */;
			productType = "com.apple.product-type.application";
		};
/* End PBXNativeTarget section */

/* Begin PBXProject section */
		008F006427CBFE40009DD74F /* Project object */ = {
			isa = PBXProject;
			attributes = {
				BuildIndependentTargetsInParallel = 1;
				LastSwiftUpdateCheck = 1320;
				LastUpgradeCheck = 1320;
				TargetAttributes = {
					008F006B27CBFE40009DD74F = {
						CreatedOnToolsVersion = 13.2;
					};
				};
			};
			buildConfigurationList = 008F006727CBFE40009DD74F /* Build configuration list for PBXProject "netlfix-clone" */;
			compatibilityVersion = "Xcode 13.0";
			developmentRegion = en;
			hasScannedForEncodings = 0;
			knownRegions = (
				en,
				Base,
			);
			mainGroup = 008F006327CBFE40009DD74F;
			productRefGroup = 008F006D27CBFE40009DD74F /* Products */;
			projectDirPath = "";
			projectRoot = "";
			targets = (
				008F006B27CBFE40009DD74F /* netlfix-clone */,
			);
		};
/* End PBXProject section */

/* Begin PBXResourcesBuildPhase section */
		008F006A27CBFE40009DD74F /* Resources */ = {
			isa = PBXResourcesBuildPhase;
			buildActionMask = 2147483647;
			files = (
				008F007C27CBFE41009DD74F /* LaunchScreen.storyboard in Resources */,
				008F007927CBFE41009DD74F /* Assets.xcassets in Resources */,
			);
			runOnlyForDeploymentPostprocessing = 0;
		};
/* End PBXResourcesBuildPhase section */

/* Begin PBXSourcesBuildPhase section */
		008F006827CBFE40009DD74F /* Sources */ = {
			isa = PBXSourcesBuildPhase;
			buildActionMask = 2147483647;
			files = (
				008F008927CC00A2009DD74F /* SearchViewController.swift in Sources */,
				008F007427CBFE40009DD74F /* MainTabBarViewController.swift in Sources */,
				00EC045A27CE36A1004931AE /* CollectionViewTableViewCell.swift in Sources */,
				008F007027CBFE40009DD74F /* AppDelegate.swift in Sources */,
				008F008B27CC00BF009DD74F /* DownloadViewController.swift in Sources */,
				008F007227CBFE40009DD74F /* SceneDelegate.swift in Sources */,
				008F008727CC0079009DD74F /* UpcomingViewController.swift in Sources */,
				008F008527CC0045009DD74F /* HomeViewController.swift in Sources */,
			);
			runOnlyForDeploymentPostprocessing = 0;
		};
/* End PBXSourcesBuildPhase section */

/* Begin PBXVariantGroup section */
		008F007A27CBFE41009DD74F /* LaunchScreen.storyboard */ = {
			isa = PBXVariantGroup;
			children = (
				008F007B27CBFE41009DD74F /* Base */,
			);
			name = LaunchScreen.storyboard;
			sourceTree = "<group>";
		};
/* End PBXVariantGroup section */

/* Begin XCBuildConfiguration section */
		008F007E27CBFE41009DD74F /* Debug */ = {
			isa = XCBuildConfiguration;
			buildSettings = {
				ALWAYS_SEARCH_USER_PATHS = NO;
				CLANG_ANALYZER_NONNULL = YES;
				CLANG_ANALYZER_NUMBER_OBJECT_CONVERSION = YES_AGGRESSIVE;
				CLANG_CXX_LANGUAGE_STANDARD = "gnu++17";
				CLANG_CXX_LIBRARY = "libc++";
				CLANG_ENABLE_MODULES = YES;
				CLANG_ENABLE_OBJC_ARC = YES;
				CLANG_ENABLE_OBJC_WEAK = YES;
				CLANG_WARN_BLOCK_CAPTURE_AUTORELEASING = YES;
				CLANG_WARN_BOOL_CONVERSION = YES;
				CLANG_WARN_COMMA = YES;
				CLANG_WARN_CONSTANT_CONVERSION = YES;
				CLANG_WARN_DEPRECATED_OBJC_IMPLEMENTATIONS = YES;
				CLANG_WARN_DIRECT_OBJC_ISA_USAGE = YES_ERROR;
				CLANG_WARN_DOCUMENTATION_COMMENTS = YES;
				CLANG_WARN_EMPTY_BODY = YES;
				CLANG_WARN_ENUM_CONVERSION = YES;
				CLANG_WARN_INFINITE_RECURSION = YES;
				CLANG_WARN_INT_CONVERSION = YES;
				CLANG_WARN_NON_LITERAL_NULL_CONVERSION = YES;
				CLANG_WARN_OBJC_IMPLICIT_RETAIN_SELF = YES;
				CLANG_WARN_OBJC_LITERAL_CONVERSION = YES;
				CLANG_WARN_OBJC_ROOT_CLASS = YES_ERROR;
				CLANG_WARN_QUOTED_INCLUDE_IN_FRAMEWORK_HEADER = YES;
				CLANG_WARN_RANGE_LOOP_ANALYSIS = YES;
				CLANG_WARN_STRICT_PROTOTYPES = YES;
				CLANG_WARN_SUSPICIOUS_MOVE = YES;
				CLANG_WARN_UNGUARDED_AVAILABILITY = YES_AGGRESSIVE;
				CLANG_WARN_UNREACHABLE_CODE = YES;
				CLANG_WARN__DUPLICATE_METHOD_MATCH = YES;
				COPY_PHASE_STRIP = NO;
				DEBUG_INFORMATION_FORMAT = dwarf;
				ENABLE_STRICT_OBJC_MSGSEND = YES;
				ENABLE_TESTABILITY = YES;
				GCC_C_LANGUAGE_STANDARD = gnu11;
				GCC_DYNAMIC_NO_PIC = NO;
				GCC_NO_COMMON_BLOCKS = YES;
				GCC_OPTIMIZATION_LEVEL = 0;
				GCC_PREPROCESSOR_DEFINITIONS = (
					"DEBUG=1",
					"$(inherited)",
				);
				GCC_WARN_64_TO_32_BIT_CONVERSION = YES;
				GCC_WARN_ABOUT_RETURN_TYPE = YES_ERROR;
				GCC_WARN_UNDECLARED_SELECTOR = YES;
				GCC_WARN_UNINITIALIZED_AUTOS = YES_AGGRESSIVE;
				GCC_WARN_UNUSED_FUNCTION = YES;
				GCC_WARN_UNUSED_VARIABLE = YES;
				IPHONEOS_DEPLOYMENT_TARGET = 15.2;
				MTL_ENABLE_DEBUG_INFO = INCLUDE_SOURCE;
				MTL_FAST_MATH = YES;
				ONLY_ACTIVE_ARCH = YES;
				SDKROOT = iphoneos;
				SWIFT_ACTIVE_COMPILATION_CONDITIONS = DEBUG;
				SWIFT_OPTIMIZATION_LEVEL = "-Onone";
			};
			name = Debug;
		};
		008F007F27CBFE41009DD74F /* Release */ = {
			isa = XCBuildConfiguration;
			buildSettings = {
				ALWAYS_SEARCH_USER_PATHS = NO;
				CLANG_ANALYZER_NONNULL = YES;
				CLANG_ANALYZER_NUMBER_OBJECT_CONVERSION = YES_AGGRESSIVE;
				CLANG_CXX_LANGUAGE_STANDARD = "gnu++17";
				CLANG_CXX_LIBRARY = "libc++";
				CLANG_ENABLE_MODULES = YES;
				CLANG_ENABLE_OBJC_ARC = YES;
				CLANG_ENABLE_OBJC_WEAK = YES;
				CLANG_WARN_BLOCK_CAPTURE_AUTORELEASING = YES;
				CLANG_WARN_BOOL_CONVERSION = YES;
				CLANG_WARN_COMMA = YES;
				CLANG_WARN_CONSTANT_CONVERSION = YES;
				CLANG_WARN_DEPRECATED_OBJC_IMPLEMENTATIONS = YES;
				CLANG_WARN_DIRECT_OBJC_ISA_USAGE = YES_ERROR;
				CLANG_WARN_DOCUMENTATION_COMMENTS = YES;
				CLANG_WARN_EMPTY_BODY = YES;
				CLANG_WARN_ENUM_CONVERSION = YES;
				CLANG_WARN_INFINITE_RECURSION = YES;
				CLANG_WARN_INT_CONVERSION = YES;
				CLANG_WARN_NON_LITERAL_NULL_CONVERSION = YES;
				CLANG_WARN_OBJC_IMPLICIT_RETAIN_SELF = YES;
				CLANG_WARN_OBJC_LITERAL_CONVERSION = YES;
				CLANG_WARN_OBJC_ROOT_CLASS = YES_ERROR;
				CLANG_WARN_QUOTED_INCLUDE_IN_FRAMEWORK_HEADER = YES;
				CLANG_WARN_RANGE_LOOP_ANALYSIS = YES;
				CLANG_WARN_STRICT_PROTOTYPES = YES;
				CLANG_WARN_SUSPICIOUS_MOVE = YES;
				CLANG_WARN_UNGUARDED_AVAILABILITY = YES_AGGRESSIVE;
				CLANG_WARN_UNREACHABLE_CODE = YES;
				CLANG_WARN__DUPLICATE_METHOD_MATCH = YES;
				COPY_PHASE_STRIP = NO;
				DEBUG_INFORMATION_FORMAT = "dwarf-with-dsym";
				ENABLE_NS_ASSERTIONS = NO;
				ENABLE_STRICT_OBJC_MSGSEND = YES;
				GCC_C_LANGUAGE_STANDARD = gnu11;
				GCC_NO_COMMON_BLOCKS = YES;
				GCC_WARN_64_TO_32_BIT_CONVERSION = YES;
				GCC_WARN_ABOUT_RETURN_TYPE = YES_ERROR;
				GCC_WARN_UNDECLARED_SELECTOR = YES;
				GCC_WARN_UNINITIALIZED_AUTOS = YES_AGGRESSIVE;
				GCC_WARN_UNUSED_FUNCTION = YES;
				GCC_WARN_UNUSED_VARIABLE = YES;
				IPHONEOS_DEPLOYMENT_TARGET = 15.2;
				MTL_ENABLE_DEBUG_INFO = NO;
				MTL_FAST_MATH = YES;
				SDKROOT = iphoneos;
				SWIFT_COMPILATION_MODE = wholemodule;
				SWIFT_OPTIMIZATION_LEVEL = "-O";
				VALIDATE_PRODUCT = YES;
			};
			name = Release;
		};
		008F008127CBFE41009DD74F /* Debug */ = {
			isa = XCBuildConfiguration;
			buildSettings = {
				ASSETCATALOG_COMPILER_APPICON_NAME = AppIcon;
				ASSETCATALOG_COMPILER_GLOBAL_ACCENT_COLOR_NAME = AccentColor;
				CODE_SIGN_STYLE = Automatic;
				CURRENT_PROJECT_VERSION = 1;
				GENERATE_INFOPLIST_FILE = YES;
				INFOPLIST_FILE = "netlfix-clone/Info.plist";
				INFOPLIST_KEY_UIApplicationSupportsIndirectInputEvents = YES;
				INFOPLIST_KEY_UILaunchStoryboardName = LaunchScreen;
				INFOPLIST_KEY_UISupportedInterfaceOrientations_iPad = "UIInterfaceOrientationPortrait UIInterfaceOrientationPortraitUpsideDown UIInterfaceOrientationLandscapeLeft UIInterfaceOrientationLandscapeRight";
				INFOPLIST_KEY_UISupportedInterfaceOrientations_iPhone = "UIInterfaceOrientationPortrait UIInterfaceOrientationLandscapeLeft UIInterfaceOrientationLandscapeRight";
				LD_RUNPATH_SEARCH_PATHS = (
					"$(inherited)",
					"@executable_path/Frameworks",
				);
				MARKETING_VERSION = 1.0;
				PRODUCT_BUNDLE_IDENTIFIER = "com.deepak.netlfix-clone";
				PRODUCT_NAME = "$(TARGET_NAME)";
				SWIFT_EMIT_LOC_STRINGS = YES;
				SWIFT_VERSION = 5.0;
				TARGETED_DEVICE_FAMILY = "1,2";
			};
			name = Debug;
		};
		008F008227CBFE41009DD74F /* Release */ = {
			isa = XCBuildConfiguration;
			buildSettings = {
				ASSETCATALOG_COMPILER_APPICON_NAME = AppIcon;
				ASSETCATALOG_COMPILER_GLOBAL_ACCENT_COLOR_NAME = AccentColor;
				CODE_SIGN_STYLE = Automatic;
				CURRENT_PROJECT_VERSION = 1;
				GENERATE_INFOPLIST_FILE = YES;
				INFOPLIST_FILE = "netlfix-clone/Info.plist";
				INFOPLIST_KEY_UIApplicationSupportsIndirectInputEvents = YES;
				INFOPLIST_KEY_UILaunchStoryboardName = LaunchScreen;
				INFOPLIST_KEY_UISupportedInterfaceOrientations_iPad = "UIInterfaceOrientationPortrait UIInterfaceOrientationPortraitUpsideDown UIInterfaceOrientationLandscapeLeft UIInterfaceOrientationLandscapeRight";
				INFOPLIST_KEY_UISupportedInterfaceOrientations_iPhone = "UIInterfaceOrientationPortrait UIInterfaceOrientationLandscapeLeft UIInterfaceOrientationLandscapeRight";
				LD_RUNPATH_SEARCH_PATHS = (
					"$(inherited)",
					"@executable_path/Frameworks",
				);
				MARKETING_VERSION = 1.0;
				PRODUCT_BUNDLE_IDENTIFIER = "com.deepak.netlfix-clone";
				PRODUCT_NAME = "$(TARGET_NAME)";
				SWIFT_EMIT_LOC_STRINGS = YES;
				SWIFT_VERSION = 5.0;
				TARGETED_DEVICE_FAMILY = "1,2";
			};
			name = Release;
		};
/* End XCBuildConfiguration section */

/* Begin XCConfigurationList section */
		008F006727CBFE40009DD74F /* Build configuration list for PBXProject "netlfix-clone" */ = {
			isa = XCConfigurationList;
			buildConfigurations = (
				008F007E27CBFE41009DD74F /* Debug */,
				008F007F27CBFE41009DD74F /* Release */,
			);
			defaultConfigurationIsVisible = 0;
			defaultConfigurationName = Release;
		};
		008F008027CBFE41009DD74F /* Build configuration list for PBXNativeTarget "netlfix-clone" */ = {
			isa = XCConfigurationList;
			buildConfigurations = (
				008F008127CBFE41009DD74F /* Debug */,
				008F008227CBFE41009DD74F /* Release */,
			);
			defaultConfigurationIsVisible = 0;
			defaultConfigurationName = Release;
		};
/* End XCConfigurationList section */
	};
	rootObject = 008F006427CBFE40009DD74F /* Project object */;
}
